// !$*UTF8*$!
{
	archiveVersion = 1;
	classes = {
	};
	objectVersion = 56;
	objects = {

/* Begin PBXBuildFile section */
		CEACB1642BC15FCB00BF83BA /* remediApp.swift in Sources */ = {isa = PBXBuildFile; fileRef = CEACB1632BC15FCB00BF83BA /* remediApp.swift */; };
		CEACB1662BC15FCB00BF83BA /* ContentView.swift in Sources */ = {isa = PBXBuildFile; fileRef = CEACB1652BC15FCB00BF83BA /* ContentView.swift */; };
		CEACB1682BC15FCD00BF83BA /* Assets.xcassets in Resources */ = {isa = PBXBuildFile; fileRef = CEACB1672BC15FCD00BF83BA /* Assets.xcassets */; };
		CEACB16B2BC15FCD00BF83BA /* Preview Assets.xcassets in Resources */ = {isa = PBXBuildFile; fileRef = CEACB16A2BC15FCD00BF83BA /* Preview Assets.xcassets */; };
		CEACB1752BC15FCD00BF83BA /* remediTests.swift in Sources */ = {isa = PBXBuildFile; fileRef = CEACB1742BC15FCD00BF83BA /* remediTests.swift */; };
		CEACB17F2BC15FCD00BF83BA /* remediUITests.swift in Sources */ = {isa = PBXBuildFile; fileRef = CEACB17E2BC15FCD00BF83BA /* remediUITests.swift */; };
		CEACB1812BC15FCD00BF83BA /* remediUITestsLaunchTests.swift in Sources */ = {isa = PBXBuildFile; fileRef = CEACB1802BC15FCD00BF83BA /* remediUITestsLaunchTests.swift */; };
/* End PBXBuildFile section */

/* Begin PBXContainerItemProxy section */
		CEACB1712BC15FCD00BF83BA /* PBXContainerItemProxy */ = {
			isa = PBXContainerItemProxy;
			containerPortal = CEACB1582BC15FCB00BF83BA /* Project object */;
			proxyType = 1;
			remoteGlobalIDString = CEACB15F2BC15FCB00BF83BA;
			remoteInfo = remedi;
		};
		CEACB17B2BC15FCD00BF83BA /* PBXContainerItemProxy */ = {
			isa = PBXContainerItemProxy;
			containerPortal = CEACB1582BC15FCB00BF83BA /* Project object */;
			proxyType = 1;
			remoteGlobalIDString = CEACB15F2BC15FCB00BF83BA;
			remoteInfo = remedi;
		};
/* End PBXContainerItemProxy section */

/* Begin PBXFileReference section */
		CEACB1602BC15FCB00BF83BA /* remedi.app */ = {isa = PBXFileReference; explicitFileType = wrapper.application; includeInIndex = 0; path = remedi.app; sourceTree = BUILT_PRODUCTS_DIR; };
		CEACB1632BC15FCB00BF83BA /* remediApp.swift */ = {isa = PBXFileReference; lastKnownFileType = sourcecode.swift; path = remediApp.swift; sourceTree = "<group>"; };
		CEACB1652BC15FCB00BF83BA /* ContentView.swift */ = {isa = PBXFileReference; lastKnownFileType = sourcecode.swift; path = ContentView.swift; sourceTree = "<group>"; };
		CEACB1672BC15FCD00BF83BA /* Assets.xcassets */ = {isa = PBXFileReference; lastKnownFileType = folder.assetcatalog; path = Assets.xcassets; sourceTree = "<group>"; };
		CEACB16A2BC15FCD00BF83BA /* Preview Assets.xcassets */ = {isa = PBXFileReference; lastKnownFileType = folder.assetcatalog; path = "Preview Assets.xcassets"; sourceTree = "<group>"; };
		CEACB1702BC15FCD00BF83BA /* remediTests.xctest */ = {isa = PBXFileReference; explicitFileType = wrapper.cfbundle; includeInIndex = 0; path = remediTests.xctest; sourceTree = BUILT_PRODUCTS_DIR; };
		CEACB1742BC15FCD00BF83BA /* remediTests.swift */ = {isa = PBXFileReference; lastKnownFileType = sourcecode.swift; path = remediTests.swift; sourceTree = "<group>"; };
		CEACB17A2BC15FCD00BF83BA /* remediUITests.xctest */ = {isa = PBXFileReference; explicitFileType = wrapper.cfbundle; includeInIndex = 0; path = remediUITests.xctest; sourceTree = BUILT_PRODUCTS_DIR; };
		CEACB17E2BC15FCD00BF83BA /* remediUITests.swift */ = {isa = PBXFileReference; lastKnownFileType = sourcecode.swift; path = remediUITests.swift; sourceTree = "<group>"; };
		CEACB1802BC15FCD00BF83BA /* remediUITestsLaunchTests.swift */ = {isa = PBXFileReference; lastKnownFileType = sourcecode.swift; path = remediUITestsLaunchTests.swift; sourceTree = "<group>"; };
/* End PBXFileReference section */

/* Begin PBXFrameworksBuildPhase section */
		CEACB15D2BC15FCB00BF83BA /* Frameworks */ = {
			isa = PBXFrameworksBuildPhase;
			buildActionMask = 2147483647;
			files = (
			);
			runOnlyForDeploymentPostprocessing = 0;
		};
		CEACB16D2BC15FCD00BF83BA /* Frameworks */ = {
			isa = PBXFrameworksBuildPhase;
			buildActionMask = 2147483647;
			files = (
			);
			runOnlyForDeploymentPostprocessing = 0;
		};
		CEACB1772BC15FCD00BF83BA /* Frameworks */ = {
			isa = PBXFrameworksBuildPhase;
			buildActionMask = 2147483647;
			files = (
			);
			runOnlyForDeploymentPostprocessing = 0;
		};
/* End PBXFrameworksBuildPhase section */

/* Begin PBXGroup section */
		CEACB1572BC15FCB00BF83BA = {
			isa = PBXGroup;
			children = (
				CEACB1622BC15FCB00BF83BA /* remedi */,
				CEACB1732BC15FCD00BF83BA /* remediTests */,
				CEACB17D2BC15FCD00BF83BA /* remediUITests */,
				CEACB1612BC15FCB00BF83BA /* Products */,
			);
			sourceTree = "<group>";
		};
		CEACB1612BC15FCB00BF83BA /* Products */ = {
			isa = PBXGroup;
			children = (
				CEACB1602BC15FCB00BF83BA /* remedi.app */,
				CEACB1702BC15FCD00BF83BA /* remediTests.xctest */,
				CEACB17A2BC15FCD00BF83BA /* remediUITests.xctest */,
			);
			name = Products;
			sourceTree = "<group>";
		};
		CEACB1622BC15FCB00BF83BA /* remedi */ = {
			isa = PBXGroup;
			children = (
				CEACB1632BC15FCB00BF83BA /* remediApp.swift */,
				CEACB1652BC15FCB00BF83BA /* ContentView.swift */,
				CEACB1672BC15FCD00BF83BA /* Assets.xcassets */,
				CEACB1692BC15FCD00BF83BA /* Preview Content */,
			);
			path = remedi;
			sourceTree = "<group>";
		};
		CEACB1692BC15FCD00BF83BA /* Preview Content */ = {
			isa = PBXGroup;
			children = (
				CEACB16A2BC15FCD00BF83BA /* Preview Assets.xcassets */,
			);
			path = "Preview Content";
			sourceTree = "<group>";
		};
		CEACB1732BC15FCD00BF83BA /* remediTests */ = {
			isa = PBXGroup;
			children = (
				CEACB1742BC15FCD00BF83BA /* remediTests.swift */,
			);
			path = remediTests;
			sourceTree = "<group>";
		};
		CEACB17D2BC15FCD00BF83BA /* remediUITests */ = {
			isa = PBXGroup;
			children = (
				CEACB17E2BC15FCD00BF83BA /* remediUITests.swift */,
				CEACB1802BC15FCD00BF83BA /* remediUITestsLaunchTests.swift */,
			);
			path = remediUITests;
			sourceTree = "<group>";
		};
/* End PBXGroup section */

/* Begin PBXNativeTarget section */
		CEACB15F2BC15FCB00BF83BA /* remedi */ = {
			isa = PBXNativeTarget;
			buildConfigurationList = CEACB1842BC15FCD00BF83BA /* Build configuration list for PBXNativeTarget "remedi" */;
			buildPhases = (
				CEACB15C2BC15FCB00BF83BA /* Sources */,
				CEACB15D2BC15FCB00BF83BA /* Frameworks */,
				CEACB15E2BC15FCB00BF83BA /* Resources */,
			);
			buildRules = (
			);
			dependencies = (
			);
			name = remedi;
			productName = remedi;
			productReference = CEACB1602BC15FCB00BF83BA /* remedi.app */;
			productType = "com.apple.product-type.application";
		};
		CEACB16F2BC15FCD00BF83BA /* remediTests */ = {
			isa = PBXNativeTarget;
			buildConfigurationList = CEACB1872BC15FCD00BF83BA /* Build configuration list for PBXNativeTarget "remediTests" */;
			buildPhases = (
				CEACB16C2BC15FCD00BF83BA /* Sources */,
				CEACB16D2BC15FCD00BF83BA /* Frameworks */,
				CEACB16E2BC15FCD00BF83BA /* Resources */,
			);
			buildRules = (
			);
			dependencies = (
				CEACB1722BC15FCD00BF83BA /* PBXTargetDependency */,
			);
			name = remediTests;
			productName = remediTests;
			productReference = CEACB1702BC15FCD00BF83BA /* remediTests.xctest */;
			productType = "com.apple.product-type.bundle.unit-test";
		};
		CEACB1792BC15FCD00BF83BA /* remediUITests */ = {
			isa = PBXNativeTarget;
			buildConfigurationList = CEACB18A2BC15FCD00BF83BA /* Build configuration list for PBXNativeTarget "remediUITests" */;
			buildPhases = (
				CEACB1762BC15FCD00BF83BA /* Sources */,
				CEACB1772BC15FCD00BF83BA /* Frameworks */,
				CEACB1782BC15FCD00BF83BA /* Resources */,
			);
			buildRules = (
			);
			dependencies = (
				CEACB17C2BC15FCD00BF83BA /* PBXTargetDependency */,
			);
			name = remediUITests;
			productName = remediUITests;
			productReference = CEACB17A2BC15FCD00BF83BA /* remediUITests.xctest */;
			productType = "com.apple.product-type.bundle.ui-testing";
		};
/* End PBXNativeTarget section */

/* Begin PBXProject section */
		CEACB1582BC15FCB00BF83BA /* Project object */ = {
			isa = PBXProject;
			attributes = {
				BuildIndependentTargetsInParallel = 1;
				LastSwiftUpdateCheck = 1530;
				LastUpgradeCheck = 1530;
				TargetAttributes = {
					CEACB15F2BC15FCB00BF83BA = {
						CreatedOnToolsVersion = 15.3;
					};
					CEACB16F2BC15FCD00BF83BA = {
						CreatedOnToolsVersion = 15.3;
						TestTargetID = CEACB15F2BC15FCB00BF83BA;
					};
					CEACB1792BC15FCD00BF83BA = {
						CreatedOnToolsVersion = 15.3;
						TestTargetID = CEACB15F2BC15FCB00BF83BA;
					};
				};
			};
			buildConfigurationList = CEACB15B2BC15FCB00BF83BA /* Build configuration list for PBXProject "remedi" */;
			compatibilityVersion = "Xcode 14.0";
			developmentRegion = en;
			hasScannedForEncodings = 0;
			knownRegions = (
				en,
				Base,
			);
			mainGroup = CEACB1572BC15FCB00BF83BA;
			productRefGroup = CEACB1612BC15FCB00BF83BA /* Products */;
			projectDirPath = "";
			projectRoot = "";
			targets = (
				CEACB15F2BC15FCB00BF83BA /* remedi */,
				CEACB16F2BC15FCD00BF83BA /* remediTests */,
				CEACB1792BC15FCD00BF83BA /* remediUITests */,
			);
		};
/* End PBXProject section */

/* Begin PBXResourcesBuildPhase section */
		CEACB15E2BC15FCB00BF83BA /* Resources */ = {
			isa = PBXResourcesBuildPhase;
			buildActionMask = 2147483647;
			files = (
				CEACB16B2BC15FCD00BF83BA /* Preview Assets.xcassets in Resources */,
				CEACB1682BC15FCD00BF83BA /* Assets.xcassets in Resources */,
			);
			runOnlyForDeploymentPostprocessing = 0;
		};
		CEACB16E2BC15FCD00BF83BA /* Resources */ = {
			isa = PBXResourcesBuildPhase;
			buildActionMask = 2147483647;
			files = (
			);
			runOnlyForDeploymentPostprocessing = 0;
		};
		CEACB1782BC15FCD00BF83BA /* Resources */ = {
			isa = PBXResourcesBuildPhase;
			buildActionMask = 2147483647;
			files = (
			);
			runOnlyForDeploymentPostprocessing = 0;
		};
/* End PBXResourcesBuildPhase section */

/* Begin PBXSourcesBuildPhase section */
		CEACB15C2BC15FCB00BF83BA /* Sources */ = {
			isa = PBXSourcesBuildPhase;
			buildActionMask = 2147483647;
			files = (
				CEACB1662BC15FCB00BF83BA /* ContentView.swift in Sources */,
				CEACB1642BC15FCB00BF83BA /* remediApp.swift in Sources */,
			);
			runOnlyForDeploymentPostprocessing = 0;
		};
		CEACB16C2BC15FCD00BF83BA /* Sources */ = {
			isa = PBXSourcesBuildPhase;
			buildActionMask = 2147483647;
			files = (
				CEACB1752BC15FCD00BF83BA /* remediTests.swift in Sources */,
			);
			runOnlyForDeploymentPostprocessing = 0;
		};
		CEACB1762BC15FCD00BF83BA /* Sources */ = {
			isa = PBXSourcesBuildPhase;
			buildActionMask = 2147483647;
			files = (
				CEACB1812BC15FCD00BF83BA /* remediUITestsLaunchTests.swift in Sources */,
				CEACB17F2BC15FCD00BF83BA /* remediUITests.swift in Sources */,
			);
			runOnlyForDeploymentPostprocessing = 0;
		};
/* End PBXSourcesBuildPhase section */

/* Begin PBXTargetDependency section */
		CEACB1722BC15FCD00BF83BA /* PBXTargetDependency */ = {
			isa = PBXTargetDependency;
			target = CEACB15F2BC15FCB00BF83BA /* remedi */;
			targetProxy = CEACB1712BC15FCD00BF83BA /* PBXContainerItemProxy */;
		};
		CEACB17C2BC15FCD00BF83BA /* PBXTargetDependency */ = {
			isa = PBXTargetDependency;
			target = CEACB15F2BC15FCB00BF83BA /* remedi */;
			targetProxy = CEACB17B2BC15FCD00BF83BA /* PBXContainerItemProxy */;
		};
/* End PBXTargetDependency section */

/* Begin XCBuildConfiguration section */
		CEACB1822BC15FCD00BF83BA /* Debug */ = {
			isa = XCBuildConfiguration;
			buildSettings = {
				ALWAYS_SEARCH_USER_PATHS = NO;
				ASSETCATALOG_COMPILER_GENERATE_SWIFT_ASSET_SYMBOL_EXTENSIONS = YES;
				CLANG_ANALYZER_NONNULL = YES;
				CLANG_ANALYZER_NUMBER_OBJECT_CONVERSION = YES_AGGRESSIVE;
				CLANG_CXX_LANGUAGE_STANDARD = "gnu++20";
				CLANG_ENABLE_MODULES = YES;
				CLANG_ENABLE_OBJC_ARC = YES;
				CLANG_ENABLE_OBJC_WEAK = YES;
				CLANG_WARN_BLOCK_CAPTURE_AUTORELEASING = YES;
				CLANG_WARN_BOOL_CONVERSION = YES;
				CLANG_WARN_COMMA = YES;
				CLANG_WARN_CONSTANT_CONVERSION = YES;
				CLANG_WARN_DEPRECATED_OBJC_IMPLEMENTATIONS = YES;
				CLANG_WARN_DIRECT_OBJC_ISA_USAGE = YES_ERROR;
				CLANG_WARN_DOCUMENTATION_COMMENTS = YES;
				CLANG_WARN_EMPTY_BODY = YES;
				CLANG_WARN_ENUM_CONVERSION = YES;
				CLANG_WARN_INFINITE_RECURSION = YES;
				CLANG_WARN_INT_CONVERSION = YES;
				CLANG_WARN_NON_LITERAL_NULL_CONVERSION = YES;
				CLANG_WARN_OBJC_IMPLICIT_RETAIN_SELF = YES;
				CLANG_WARN_OBJC_LITERAL_CONVERSION = YES;
				CLANG_WARN_OBJC_ROOT_CLASS = YES_ERROR;
				CLANG_WARN_QUOTED_INCLUDE_IN_FRAMEWORK_HEADER = YES;
				CLANG_WARN_RANGE_LOOP_ANALYSIS = YES;
				CLANG_WARN_STRICT_PROTOTYPES = YES;
				CLANG_WARN_SUSPICIOUS_MOVE = YES;
				CLANG_WARN_UNGUARDED_AVAILABILITY = YES_AGGRESSIVE;
				CLANG_WARN_UNREACHABLE_CODE = YES;
				CLANG_WARN__DUPLICATE_METHOD_MATCH = YES;
				COPY_PHASE_STRIP = NO;
				DEBUG_INFORMATION_FORMAT = dwarf;
				ENABLE_STRICT_OBJC_MSGSEND = YES;
				ENABLE_TESTABILITY = YES;
				ENABLE_USER_SCRIPT_SANDBOXING = YES;
				GCC_C_LANGUAGE_STANDARD = gnu17;
				GCC_DYNAMIC_NO_PIC = NO;
				GCC_NO_COMMON_BLOCKS = YES;
				GCC_OPTIMIZATION_LEVEL = 0;
				GCC_PREPROCESSOR_DEFINITIONS = (
					"DEBUG=1",
					"$(inherited)",
				);
				GCC_WARN_64_TO_32_BIT_CONVERSION = YES;
				GCC_WARN_ABOUT_RETURN_TYPE = YES_ERROR;
				GCC_WARN_UNDECLARED_SELECTOR = YES;
				GCC_WARN_UNINITIALIZED_AUTOS = YES_AGGRESSIVE;
				GCC_WARN_UNUSED_FUNCTION = YES;
				GCC_WARN_UNUSED_VARIABLE = YES;
				IPHONEOS_DEPLOYMENT_TARGET = 17.4;
				LOCALIZATION_PREFERS_STRING_CATALOGS = YES;
				MTL_ENABLE_DEBUG_INFO = INCLUDE_SOURCE;
				MTL_FAST_MATH = YES;
				ONLY_ACTIVE_ARCH = YES;
				SDKROOT = iphoneos;
				SWIFT_ACTIVE_COMPILATION_CONDITIONS = "DEBUG $(inherited)";
				SWIFT_OPTIMIZATION_LEVEL = "-Onone";
			};
			name = Debug;
		};
		CEACB1832BC15FCD00BF83BA /* Release */ = {
			isa = XCBuildConfiguration;
			buildSettings = {
				ALWAYS_SEARCH_USER_PATHS = NO;
				ASSETCATALOG_COMPILER_GENERATE_SWIFT_ASSET_SYMBOL_EXTENSIONS = YES;
				CLANG_ANALYZER_NONNULL = YES;
				CLANG_ANALYZER_NUMBER_OBJECT_CONVERSION = YES_AGGRESSIVE;
				CLANG_CXX_LANGUAGE_STANDARD = "gnu++20";
				CLANG_ENABLE_MODULES = YES;
				CLANG_ENABLE_OBJC_ARC = YES;
				CLANG_ENABLE_OBJC_WEAK = YES;
				CLANG_WARN_BLOCK_CAPTURE_AUTORELEASING = YES;
				CLANG_WARN_BOOL_CONVERSION = YES;
				CLANG_WARN_COMMA = YES;
				CLANG_WARN_CONSTANT_CONVERSION = YES;
				CLANG_WARN_DEPRECATED_OBJC_IMPLEMENTATIONS = YES;
				CLANG_WARN_DIRECT_OBJC_ISA_USAGE = YES_ERROR;
				CLANG_WARN_DOCUMENTATION_COMMENTS = YES;
				CLANG_WARN_EMPTY_BODY = YES;
				CLANG_WARN_ENUM_CONVERSION = YES;
				CLANG_WARN_INFINITE_RECURSION = YES;
				CLANG_WARN_INT_CONVERSION = YES;
				CLANG_WARN_NON_LITERAL_NULL_CONVERSION = YES;
				CLANG_WARN_OBJC_IMPLICIT_RETAIN_SELF = YES;
				CLANG_WARN_OBJC_LITERAL_CONVERSION = YES;
				CLANG_WARN_OBJC_ROOT_CLASS = YES_ERROR;
				CLANG_WARN_QUOTED_INCLUDE_IN_FRAMEWORK_HEADER = YES;
				CLANG_WARN_RANGE_LOOP_ANALYSIS = YES;
				CLANG_WARN_STRICT_PROTOTYPES = YES;
				CLANG_WARN_SUSPICIOUS_MOVE = YES;
				CLANG_WARN_UNGUARDED_AVAILABILITY = YES_AGGRESSIVE;
				CLANG_WARN_UNREACHABLE_CODE = YES;
				CLANG_WARN__DUPLICATE_METHOD_MATCH = YES;
				COPY_PHASE_STRIP = NO;
				DEBUG_INFORMATION_FORMAT = "dwarf-with-dsym";
				ENABLE_NS_ASSERTIONS = NO;
				ENABLE_STRICT_OBJC_MSGSEND = YES;
				ENABLE_USER_SCRIPT_SANDBOXING = YES;
				GCC_C_LANGUAGE_STANDARD = gnu17;
				GCC_NO_COMMON_BLOCKS = YES;
				GCC_WARN_64_TO_32_BIT_CONVERSION = YES;
				GCC_WARN_ABOUT_RETURN_TYPE = YES_ERROR;
				GCC_WARN_UNDECLARED_SELECTOR = YES;
				GCC_WARN_UNINITIALIZED_AUTOS = YES_AGGRESSIVE;
				GCC_WARN_UNUSED_FUNCTION = YES;
				GCC_WARN_UNUSED_VARIABLE = YES;
				IPHONEOS_DEPLOYMENT_TARGET = 17.4;
				LOCALIZATION_PREFERS_STRING_CATALOGS = YES;
				MTL_ENABLE_DEBUG_INFO = NO;
				MTL_FAST_MATH = YES;
				SDKROOT = iphoneos;
				SWIFT_COMPILATION_MODE = wholemodule;
				VALIDATE_PRODUCT = YES;
			};
			name = Release;
		};
		CEACB1852BC15FCD00BF83BA /* Debug */ = {
			isa = XCBuildConfiguration;
			buildSettings = {
				ASSETCATALOG_COMPILER_APPICON_NAME = AppIcon;
				ASSETCATALOG_COMPILER_GLOBAL_ACCENT_COLOR_NAME = AccentColor;
				CODE_SIGN_STYLE = Automatic;
				CURRENT_PROJECT_VERSION = 1;
				DEVELOPMENT_ASSET_PATHS = "\"remedi/Preview Content\"";
				ENABLE_PREVIEWS = YES;
				GENERATE_INFOPLIST_FILE = YES;
				INFOPLIST_KEY_UIApplicationSceneManifest_Generation = YES;
				INFOPLIST_KEY_UIApplicationSupportsIndirectInputEvents = YES;
				INFOPLIST_KEY_UILaunchScreen_Generation = YES;
				INFOPLIST_KEY_UISupportedInterfaceOrientations_iPad = "UIInterfaceOrientationPortrait UIInterfaceOrientationPortraitUpsideDown UIInterfaceOrientationLandscapeLeft UIInterfaceOrientationLandscapeRight";
				INFOPLIST_KEY_UISupportedInterfaceOrientations_iPhone = "UIInterfaceOrientationPortrait UIInterfaceOrientationLandscapeLeft UIInterfaceOrientationLandscapeRight";
				LD_RUNPATH_SEARCH_PATHS = (
					"$(inherited)",
					"@executable_path/Frameworks",
				);
				MARKETING_VERSION = 1.0;
				PRODUCT_BUNDLE_IDENTIFIER = Rushil.remedi;
				PRODUCT_NAME = "$(TARGET_NAME)";
				SWIFT_EMIT_LOC_STRINGS = YES;
				SWIFT_VERSION = 5.0;
				TARGETED_DEVICE_FAMILY = "1,2";
			};
			name = Debug;
		};
		CEACB1862BC15FCD00BF83BA /* Release */ = {
			isa = XCBuildConfiguration;
			buildSettings = {
				ASSETCATALOG_COMPILER_APPICON_NAME = AppIcon;
				ASSETCATALOG_COMPILER_GLOBAL_ACCENT_COLOR_NAME = AccentColor;
				CODE_SIGN_STYLE = Automatic;
				CURRENT_PROJECT_VERSION = 1;
				DEVELOPMENT_ASSET_PATHS = "\"remedi/Preview Content\"";
				ENABLE_PREVIEWS = YES;
				GENERATE_INFOPLIST_FILE = YES;
				INFOPLIST_KEY_UIApplicationSceneManifest_Generation = YES;
				INFOPLIST_KEY_UIApplicationSupportsIndirectInputEvents = YES;
				INFOPLIST_KEY_UILaunchScreen_Generation = YES;
				INFOPLIST_KEY_UISupportedInterfaceOrientations_iPad = "UIInterfaceOrientationPortrait UIInterfaceOrientationPortraitUpsideDown UIInterfaceOrientationLandscapeLeft UIInterfaceOrientationLandscapeRight";
				INFOPLIST_KEY_UISupportedInterfaceOrientations_iPhone = "UIInterfaceOrientationPortrait UIInterfaceOrientationLandscapeLeft UIInterfaceOrientationLandscapeRight";
				LD_RUNPATH_SEARCH_PATHS = (
					"$(inherited)",
					"@executable_path/Frameworks",
				);
				MARKETING_VERSION = 1.0;
				PRODUCT_BUNDLE_IDENTIFIER = Rushil.remedi;
				PRODUCT_NAME = "$(TARGET_NAME)";
				SWIFT_EMIT_LOC_STRINGS = YES;
				SWIFT_VERSION = 5.0;
				TARGETED_DEVICE_FAMILY = "1,2";
			};
			name = Release;
		};
		CEACB1882BC15FCD00BF83BA /* Debug */ = {
			isa = XCBuildConfiguration;
			buildSettings = {
				ALWAYS_EMBED_SWIFT_STANDARD_LIBRARIES = YES;
				BUNDLE_LOADER = "$(TEST_HOST)";
				CODE_SIGN_STYLE = Automatic;
				CURRENT_PROJECT_VERSION = 1;
				GENERATE_INFOPLIST_FILE = YES;
				IPHONEOS_DEPLOYMENT_TARGET = 17.4;
				MARKETING_VERSION = 1.0;
				PRODUCT_BUNDLE_IDENTIFIER = Rushil.remediTests;
				PRODUCT_NAME = "$(TARGET_NAME)";
				SWIFT_EMIT_LOC_STRINGS = NO;
				SWIFT_VERSION = 5.0;
				TARGETED_DEVICE_FAMILY = "1,2";
				TEST_HOST = "$(BUILT_PRODUCTS_DIR)/remedi.app/$(BUNDLE_EXECUTABLE_FOLDER_PATH)/remedi";
			};
			name = Debug;
		};
		CEACB1892BC15FCD00BF83BA /* Release */ = {
			isa = XCBuildConfiguration;
			buildSettings = {
				ALWAYS_EMBED_SWIFT_STANDARD_LIBRARIES = YES;
				BUNDLE_LOADER = "$(TEST_HOST)";
				CODE_SIGN_STYLE = Automatic;
				CURRENT_PROJECT_VERSION = 1;
				GENERATE_INFOPLIST_FILE = YES;
				IPHONEOS_DEPLOYMENT_TARGET = 17.4;
				MARKETING_VERSION = 1.0;
				PRODUCT_BUNDLE_IDENTIFIER = Rushil.remediTests;
				PRODUCT_NAME = "$(TARGET_NAME)";
				SWIFT_EMIT_LOC_STRINGS = NO;
				SWIFT_VERSION = 5.0;
				TARGETED_DEVICE_FAMILY = "1,2";
				TEST_HOST = "$(BUILT_PRODUCTS_DIR)/remedi.app/$(BUNDLE_EXECUTABLE_FOLDER_PATH)/remedi";
			};
			name = Release;
		};
		CEACB18B2BC15FCD00BF83BA /* Debug */ = {
			isa = XCBuildConfiguration;
			buildSettings = {
				ALWAYS_EMBED_SWIFT_STANDARD_LIBRARIES = YES;
				CODE_SIGN_STYLE = Automatic;
				CURRENT_PROJECT_VERSION = 1;
				GENERATE_INFOPLIST_FILE = YES;
				MARKETING_VERSION = 1.0;
				PRODUCT_BUNDLE_IDENTIFIER = Rushil.remediUITests;
				PRODUCT_NAME = "$(TARGET_NAME)";
				SWIFT_EMIT_LOC_STRINGS = NO;
				SWIFT_VERSION = 5.0;
				TARGETED_DEVICE_FAMILY = "1,2";
				TEST_TARGET_NAME = remedi;
			};
			name = Debug;
		};
		CEACB18C2BC15FCD00BF83BA /* Release */ = {
			isa = XCBuildConfiguration;
			buildSettings = {
				ALWAYS_EMBED_SWIFT_STANDARD_LIBRARIES = YES;
				CODE_SIGN_STYLE = Automatic;
				CURRENT_PROJECT_VERSION = 1;
				GENERATE_INFOPLIST_FILE = YES;
				MARKETING_VERSION = 1.0;
				PRODUCT_BUNDLE_IDENTIFIER = Rushil.remediUITests;
				PRODUCT_NAME = "$(TARGET_NAME)";
				SWIFT_EMIT_LOC_STRINGS = NO;
				SWIFT_VERSION = 5.0;
				TARGETED_DEVICE_FAMILY = "1,2";
				TEST_TARGET_NAME = remedi;
			};
			name = Release;
		};
/* End XCBuildConfiguration section */

/* Begin XCConfigurationList section */
		CEACB15B2BC15FCB00BF83BA /* Build configuration list for PBXProject "remedi" */ = {
			isa = XCConfigurationList;
			buildConfigurations = (
				CEACB1822BC15FCD00BF83BA /* Debug */,
				CEACB1832BC15FCD00BF83BA /* Release */,
			);
			defaultConfigurationIsVisible = 0;
			defaultConfigurationName = Release;
		};
		CEACB1842BC15FCD00BF83BA /* Build configuration list for PBXNativeTarget "remedi" */ = {
			isa = XCConfigurationList;
			buildConfigurations = (
				CEACB1852BC15FCD00BF83BA /* Debug */,
				CEACB1862BC15FCD00BF83BA /* Release */,
			);
			defaultConfigurationIsVisible = 0;
			defaultConfigurationName = Release;
		};
		CEACB1872BC15FCD00BF83BA /* Build configuration list for PBXNativeTarget "remediTests" */ = {
			isa = XCConfigurationList;
			buildConfigurations = (
				CEACB1882BC15FCD00BF83BA /* Debug */,
				CEACB1892BC15FCD00BF83BA /* Release */,
			);
			defaultConfigurationIsVisible = 0;
			defaultConfigurationName = Release;
		};
		CEACB18A2BC15FCD00BF83BA /* Build configuration list for PBXNativeTarget "remediUITests" */ = {
			isa = XCConfigurationList;
			buildConfigurations = (
				CEACB18B2BC15FCD00BF83BA /* Debug */,
				CEACB18C2BC15FCD00BF83BA /* Release */,
			);
			defaultConfigurationIsVisible = 0;
			defaultConfigurationName = Release;
		};
/* End XCConfigurationList section */
	};
	rootObject = CEACB1582BC15FCB00BF83BA /* Project object */;
}
