// !$*UTF8*$!
{
	archiveVersion = 1;
	classes = {
	};
	objectVersion = 56;
	objects = {

/* Begin PBXBuildFile section */
		CEBEA8A72BC22DED0089679C /* remediApp.swift in Sources */ = {isa = PBXBuildFile; fileRef = CEBEA8A62BC22DED0089679C /* remediApp.swift */; };
		CEBEA8A92BC22DED0089679C /* ContentView.swift in Sources */ = {isa = PBXBuildFile; fileRef = CEBEA8A82BC22DED0089679C /* ContentView.swift */; };
		CEBEA8AD2BC22DEE0089679C /* Assets.xcassets in Resources */ = {isa = PBXBuildFile; fileRef = CEBEA8AC2BC22DEE0089679C /* Assets.xcassets */; };
		CEBEA8B02BC22DEE0089679C /* Preview Assets.xcassets in Resources */ = {isa = PBXBuildFile; fileRef = CEBEA8AF2BC22DEE0089679C /* Preview Assets.xcassets */; };
		CEBEA8BA2BC22DEE0089679C /* remediTests.swift in Sources */ = {isa = PBXBuildFile; fileRef = CEBEA8B92BC22DEE0089679C /* remediTests.swift */; };
		CEBEA8C42BC22DEE0089679C /* remediUITests.swift in Sources */ = {isa = PBXBuildFile; fileRef = CEBEA8C32BC22DEE0089679C /* remediUITests.swift */; };
		CEBEA8C62BC22DEE0089679C /* remediUITestsLaunchTests.swift in Sources */ = {isa = PBXBuildFile; fileRef = CEBEA8C52BC22DEE0089679C /* remediUITestsLaunchTests.swift */; };
		CEBEA8D32BC22E5A0089679C /* GoogleService-Info.plist in Resources */ = {isa = PBXBuildFile; fileRef = CEBEA8D22BC22E5A0089679C /* GoogleService-Info.plist */; };
		CEBEA8D82BC22ED90089679C /* User.swift in Sources */ = {isa = PBXBuildFile; fileRef = CEBEA8D72BC22ED90089679C /* User.swift */; };
		CEBEA8DA2BC22F090089679C /* AudioController.swift in Sources */ = {isa = PBXBuildFile; fileRef = CEBEA8D92BC22F090089679C /* AudioController.swift */; };
		CEBEA8DC2BC22F0F0089679C /* CameraController.swift in Sources */ = {isa = PBXBuildFile; fileRef = CEBEA8DB2BC22F0F0089679C /* CameraController.swift */; };
		CEBEA8DE2BC22F150089679C /* ContentViewModel.swift in Sources */ = {isa = PBXBuildFile; fileRef = CEBEA8DD2BC22F150089679C /* ContentViewModel.swift */; };
		CEBEA8E02BC22F1B0089679C /* LoginVM.swift in Sources */ = {isa = PBXBuildFile; fileRef = CEBEA8DF2BC22F1B0089679C /* LoginVM.swift */; };
		CEBEA8E22BC22F200089679C /* RegisterVM.swift in Sources */ = {isa = PBXBuildFile; fileRef = CEBEA8E12BC22F200089679C /* RegisterVM.swift */; };
		CEBEA8E42BC22F240089679C /* MainVM.swift in Sources */ = {isa = PBXBuildFile; fileRef = CEBEA8E32BC22F240089679C /* MainVM.swift */; };
		CEBEA8E62BC22F280089679C /* LoginView.swift in Sources */ = {isa = PBXBuildFile; fileRef = CEBEA8E52BC22F280089679C /* LoginView.swift */; };
		CEBEA8E82BC22F2C0089679C /* ProfileView.swift in Sources */ = {isa = PBXBuildFile; fileRef = CEBEA8E72BC22F2C0089679C /* ProfileView.swift */; };
		CEBEA8EA2BC22F310089679C /* MainView.swift in Sources */ = {isa = PBXBuildFile; fileRef = CEBEA8E92BC22F310089679C /* MainView.swift */; };
		CEBEA8EC2BC22F350089679C /* ResultView.swift in Sources */ = {isa = PBXBuildFile; fileRef = CEBEA8EB2BC22F350089679C /* ResultView.swift */; };
		CEBEA8F02BC22FD30089679C /* FirebaseAuth in Frameworks */ = {isa = PBXBuildFile; productRef = CEBEA8EF2BC22FD30089679C /* FirebaseAuth */; };
		CEBEA8F22BC22FD80089679C /* FirebaseFirestore in Frameworks */ = {isa = PBXBuildFile; productRef = CEBEA8F12BC22FD80089679C /* FirebaseFirestore */; };
		CEBEA8F42BC22FE00089679C /* FirebaseFirestoreSwift in Frameworks */ = {isa = PBXBuildFile; productRef = CEBEA8F32BC22FE00089679C /* FirebaseFirestoreSwift */; };
/* End PBXBuildFile section */

/* Begin PBXContainerItemProxy section */
		CEBEA8B62BC22DEE0089679C /* PBXContainerItemProxy */ = {
			isa = PBXContainerItemProxy;
			containerPortal = CEBEA89B2BC22DED0089679C /* Project object */;
			proxyType = 1;
			remoteGlobalIDString = CEBEA8A22BC22DED0089679C;
			remoteInfo = remedi;
		};
		CEBEA8C02BC22DEE0089679C /* PBXContainerItemProxy */ = {
			isa = PBXContainerItemProxy;
			containerPortal = CEBEA89B2BC22DED0089679C /* Project object */;
			proxyType = 1;
			remoteGlobalIDString = CEBEA8A22BC22DED0089679C;
			remoteInfo = remedi;
		};
/* End PBXContainerItemProxy section */

/* Begin PBXFileReference section */
		CEBEA8A32BC22DED0089679C /* remedi.app */ = {isa = PBXFileReference; explicitFileType = wrapper.application; includeInIndex = 0; path = remedi.app; sourceTree = BUILT_PRODUCTS_DIR; };
		CEBEA8A62BC22DED0089679C /* remediApp.swift */ = {isa = PBXFileReference; lastKnownFileType = sourcecode.swift; path = remediApp.swift; sourceTree = "<group>"; };
		CEBEA8A82BC22DED0089679C /* ContentView.swift */ = {isa = PBXFileReference; lastKnownFileType = sourcecode.swift; path = ContentView.swift; sourceTree = "<group>"; };
		CEBEA8AC2BC22DEE0089679C /* Assets.xcassets */ = {isa = PBXFileReference; lastKnownFileType = folder.assetcatalog; path = Assets.xcassets; sourceTree = "<group>"; };
		CEBEA8AF2BC22DEE0089679C /* Preview Assets.xcassets */ = {isa = PBXFileReference; lastKnownFileType = folder.assetcatalog; path = "Preview Assets.xcassets"; sourceTree = "<group>"; };
		CEBEA8B52BC22DEE0089679C /* remediTests.xctest */ = {isa = PBXFileReference; explicitFileType = wrapper.cfbundle; includeInIndex = 0; path = remediTests.xctest; sourceTree = BUILT_PRODUCTS_DIR; };
		CEBEA8B92BC22DEE0089679C /* remediTests.swift */ = {isa = PBXFileReference; lastKnownFileType = sourcecode.swift; path = remediTests.swift; sourceTree = "<group>"; };
		CEBEA8BF2BC22DEE0089679C /* remediUITests.xctest */ = {isa = PBXFileReference; explicitFileType = wrapper.cfbundle; includeInIndex = 0; path = remediUITests.xctest; sourceTree = BUILT_PRODUCTS_DIR; };
		CEBEA8C32BC22DEE0089679C /* remediUITests.swift */ = {isa = PBXFileReference; lastKnownFileType = sourcecode.swift; path = remediUITests.swift; sourceTree = "<group>"; };
		CEBEA8C52BC22DEE0089679C /* remediUITestsLaunchTests.swift */ = {isa = PBXFileReference; lastKnownFileType = sourcecode.swift; path = remediUITestsLaunchTests.swift; sourceTree = "<group>"; };
		CEBEA8D22BC22E5A0089679C /* GoogleService-Info.plist */ = {isa = PBXFileReference; fileEncoding = 4; lastKnownFileType = text.plist.xml; name = "GoogleService-Info.plist"; path = "../../../../remedi1/remedi/GoogleService-Info.plist"; sourceTree = "<group>"; };
		CEBEA8D72BC22ED90089679C /* User.swift */ = {isa = PBXFileReference; fileEncoding = 4; lastKnownFileType = sourcecode.swift; name = User.swift; path = ../../../../../remedi1/remedi/Models/User.swift; sourceTree = "<group>"; };
		CEBEA8D92BC22F090089679C /* AudioController.swift */ = {isa = PBXFileReference; fileEncoding = 4; lastKnownFileType = sourcecode.swift; name = AudioController.swift; path = ../../../../../remedi1/remedi/ViewModels/AudioController.swift; sourceTree = "<group>"; };
		CEBEA8DB2BC22F0F0089679C /* CameraController.swift */ = {isa = PBXFileReference; fileEncoding = 4; lastKnownFileType = sourcecode.swift; name = CameraController.swift; path = ../../../../../remedi1/remedi/ViewModels/CameraController.swift; sourceTree = "<group>"; };
		CEBEA8DD2BC22F150089679C /* ContentViewModel.swift */ = {isa = PBXFileReference; fileEncoding = 4; lastKnownFileType = sourcecode.swift; name = ContentViewModel.swift; path = ../../../../../remedi1/remedi/ViewModels/ContentViewModel.swift; sourceTree = "<group>"; };
		CEBEA8DF2BC22F1B0089679C /* LoginVM.swift */ = {isa = PBXFileReference; fileEncoding = 4; lastKnownFileType = sourcecode.swift; name = LoginVM.swift; path = ../../../../../remedi1/remedi/ViewModels/LoginVM.swift; sourceTree = "<group>"; };
		CEBEA8E12BC22F200089679C /* RegisterVM.swift */ = {isa = PBXFileReference; fileEncoding = 4; lastKnownFileType = sourcecode.swift; name = RegisterVM.swift; path = ../../../../../remedi1/remedi/ViewModels/RegisterVM.swift; sourceTree = "<group>"; };
		CEBEA8E32BC22F240089679C /* MainVM.swift */ = {isa = PBXFileReference; fileEncoding = 4; lastKnownFileType = sourcecode.swift; name = MainVM.swift; path = ../../../../../remedi1/remedi/ViewModels/MainVM.swift; sourceTree = "<group>"; };
		CEBEA8E52BC22F280089679C /* LoginView.swift */ = {isa = PBXFileReference; fileEncoding = 4; lastKnownFileType = sourcecode.swift; name = LoginView.swift; path = ../../../../../remedi1/remedi/Views/LoginView.swift; sourceTree = "<group>"; };
		CEBEA8E72BC22F2C0089679C /* ProfileView.swift */ = {isa = PBXFileReference; fileEncoding = 4; lastKnownFileType = sourcecode.swift; name = ProfileView.swift; path = ../../../../../remedi1/remedi/Views/ProfileView.swift; sourceTree = "<group>"; };
		CEBEA8E92BC22F310089679C /* MainView.swift */ = {isa = PBXFileReference; fileEncoding = 4; lastKnownFileType = sourcecode.swift; name = MainView.swift; path = ../../../../../remedi1/remedi/Views/MainView.swift; sourceTree = "<group>"; };
		CEBEA8EB2BC22F350089679C /* ResultView.swift */ = {isa = PBXFileReference; fileEncoding = 4; lastKnownFileType = sourcecode.swift; name = ResultView.swift; path = ../../../../../remedi1/remedi/Views/ResultView.swift; sourceTree = "<group>"; };
/* End PBXFileReference section */

/* Begin PBXFrameworksBuildPhase section */
		CEBEA8A02BC22DED0089679C /* Frameworks */ = {
			isa = PBXFrameworksBuildPhase;
			buildActionMask = 2147483647;
			files = (
				CEBEA8F02BC22FD30089679C /* FirebaseAuth in Frameworks */,
				CEBEA8F22BC22FD80089679C /* FirebaseFirestore in Frameworks */,
				CEBEA8F42BC22FE00089679C /* FirebaseFirestoreSwift in Frameworks */,
			);
			runOnlyForDeploymentPostprocessing = 0;
		};
		CEBEA8B22BC22DEE0089679C /* Frameworks */ = {
			isa = PBXFrameworksBuildPhase;
			buildActionMask = 2147483647;
			files = (
			);
			runOnlyForDeploymentPostprocessing = 0;
		};
		CEBEA8BC2BC22DEE0089679C /* Frameworks */ = {
			isa = PBXFrameworksBuildPhase;
			buildActionMask = 2147483647;
			files = (
			);
			runOnlyForDeploymentPostprocessing = 0;
		};
/* End PBXFrameworksBuildPhase section */

/* Begin PBXGroup section */
		CEBEA89A2BC22DED0089679C = {
			isa = PBXGroup;
			children = (
				CEBEA8A52BC22DED0089679C /* remedi */,
				CEBEA8B82BC22DEE0089679C /* remediTests */,
				CEBEA8C22BC22DEE0089679C /* remediUITests */,
				CEBEA8A42BC22DED0089679C /* Products */,
				CEBEA8EE2BC22FD30089679C /* Frameworks */,
			);
			sourceTree = "<group>";
		};
		CEBEA8A42BC22DED0089679C /* Products */ = {
			isa = PBXGroup;
			children = (
				CEBEA8A32BC22DED0089679C /* remedi.app */,
				CEBEA8B52BC22DEE0089679C /* remediTests.xctest */,
				CEBEA8BF2BC22DEE0089679C /* remediUITests.xctest */,
			);
			name = Products;
			sourceTree = "<group>";
		};
		CEBEA8A52BC22DED0089679C /* remedi */ = {
			isa = PBXGroup;
			children = (
				CEBEA8D22BC22E5A0089679C /* GoogleService-Info.plist */,
				CEBEA8A62BC22DED0089679C /* remediApp.swift */,
				CEBEA8D62BC22ECD0089679C /* Models */,
				CEBEA8D52BC22EBF0089679C /* ViewModels */,
				CEBEA8D42BC22EB80089679C /* Views */,
				CEBEA8AC2BC22DEE0089679C /* Assets.xcassets */,
				CEBEA8AE2BC22DEE0089679C /* Preview Content */,
			);
			path = remedi;
			sourceTree = "<group>";
		};
		CEBEA8AE2BC22DEE0089679C /* Preview Content */ = {
			isa = PBXGroup;
			children = (
				CEBEA8AF2BC22DEE0089679C /* Preview Assets.xcassets */,
			);
			path = "Preview Content";
			sourceTree = "<group>";
		};
		CEBEA8B82BC22DEE0089679C /* remediTests */ = {
			isa = PBXGroup;
			children = (
				CEBEA8B92BC22DEE0089679C /* remediTests.swift */,
			);
			path = remediTests;
			sourceTree = "<group>";
		};
		CEBEA8C22BC22DEE0089679C /* remediUITests */ = {
			isa = PBXGroup;
			children = (
				CEBEA8C32BC22DEE0089679C /* remediUITests.swift */,
				CEBEA8C52BC22DEE0089679C /* remediUITestsLaunchTests.swift */,
			);
			path = remediUITests;
			sourceTree = "<group>";
		};
		CEBEA8D42BC22EB80089679C /* Views */ = {
			isa = PBXGroup;
			children = (
				CEBEA8A82BC22DED0089679C /* ContentView.swift */,
				CEBEA8E52BC22F280089679C /* LoginView.swift */,
				CEBEA8E72BC22F2C0089679C /* ProfileView.swift */,
				CEBEA8E92BC22F310089679C /* MainView.swift */,
				CEBEA8EB2BC22F350089679C /* ResultView.swift */,
			);
			path = Views;
			sourceTree = "<group>";
		};
		CEBEA8D52BC22EBF0089679C /* ViewModels */ = {
			isa = PBXGroup;
			children = (
				CEBEA8D92BC22F090089679C /* AudioController.swift */,
				CEBEA8DB2BC22F0F0089679C /* CameraController.swift */,
				CEBEA8DD2BC22F150089679C /* ContentViewModel.swift */,
				CEBEA8DF2BC22F1B0089679C /* LoginVM.swift */,
				CEBEA8E12BC22F200089679C /* RegisterVM.swift */,
				CEBEA8E32BC22F240089679C /* MainVM.swift */,
			);
			path = ViewModels;
			sourceTree = "<group>";
		};
		CEBEA8D62BC22ECD0089679C /* Models */ = {
			isa = PBXGroup;
			children = (
				CEBEA8D72BC22ED90089679C /* User.swift */,
			);
			path = Models;
			sourceTree = "<group>";
		};
		CEBEA8EE2BC22FD30089679C /* Frameworks */ = {
			isa = PBXGroup;
			children = (
			);
			name = Frameworks;
			sourceTree = "<group>";
		};
/* End PBXGroup section */

/* Begin PBXNativeTarget section */
		CEBEA8A22BC22DED0089679C /* remedi */ = {
			isa = PBXNativeTarget;
			buildConfigurationList = CEBEA8C92BC22DEE0089679C /* Build configuration list for PBXNativeTarget "remedi" */;
			buildPhases = (
				CEBEA89F2BC22DED0089679C /* Sources */,
				CEBEA8A02BC22DED0089679C /* Frameworks */,
				CEBEA8A12BC22DED0089679C /* Resources */,
			);
			buildRules = (
			);
			dependencies = (
			);
			name = remedi;
			packageProductDependencies = (
				CEBEA8EF2BC22FD30089679C /* FirebaseAuth */,
				CEBEA8F12BC22FD80089679C /* FirebaseFirestore */,
				CEBEA8F32BC22FE00089679C /* FirebaseFirestoreSwift */,
			);
			productName = remedi;
			productReference = CEBEA8A32BC22DED0089679C /* remedi.app */;
			productType = "com.apple.product-type.application";
		};
		CEBEA8B42BC22DEE0089679C /* remediTests */ = {
			isa = PBXNativeTarget;
			buildConfigurationList = CEBEA8CC2BC22DEE0089679C /* Build configuration list for PBXNativeTarget "remediTests" */;
			buildPhases = (
				CEBEA8B12BC22DEE0089679C /* Sources */,
				CEBEA8B22BC22DEE0089679C /* Frameworks */,
				CEBEA8B32BC22DEE0089679C /* Resources */,
			);
			buildRules = (
			);
			dependencies = (
				CEBEA8B72BC22DEE0089679C /* PBXTargetDependency */,
			);
			name = remediTests;
			productName = remediTests;
			productReference = CEBEA8B52BC22DEE0089679C /* remediTests.xctest */;
			productType = "com.apple.product-type.bundle.unit-test";
		};
		CEBEA8BE2BC22DEE0089679C /* remediUITests */ = {
			isa = PBXNativeTarget;
			buildConfigurationList = CEBEA8CF2BC22DEE0089679C /* Build configuration list for PBXNativeTarget "remediUITests" */;
			buildPhases = (
				CEBEA8BB2BC22DEE0089679C /* Sources */,
				CEBEA8BC2BC22DEE0089679C /* Frameworks */,
				CEBEA8BD2BC22DEE0089679C /* Resources */,
			);
			buildRules = (
			);
			dependencies = (
				CEBEA8C12BC22DEE0089679C /* PBXTargetDependency */,
			);
			name = remediUITests;
			productName = remediUITests;
			productReference = CEBEA8BF2BC22DEE0089679C /* remediUITests.xctest */;
			productType = "com.apple.product-type.bundle.ui-testing";
		};
/* End PBXNativeTarget section */

/* Begin PBXProject section */
		CEBEA89B2BC22DED0089679C /* Project object */ = {
			isa = PBXProject;
			attributes = {
				BuildIndependentTargetsInParallel = 1;
				LastSwiftUpdateCheck = 1530;
				LastUpgradeCheck = 1530;
				TargetAttributes = {
					CEBEA8A22BC22DED0089679C = {
						CreatedOnToolsVersion = 15.3;
					};
					CEBEA8B42BC22DEE0089679C = {
						CreatedOnToolsVersion = 15.3;
						TestTargetID = CEBEA8A22BC22DED0089679C;
					};
					CEBEA8BE2BC22DEE0089679C = {
						CreatedOnToolsVersion = 15.3;
						TestTargetID = CEBEA8A22BC22DED0089679C;
					};
				};
			};
			buildConfigurationList = CEBEA89E2BC22DED0089679C /* Build configuration list for PBXProject "remedi" */;
			compatibilityVersion = "Xcode 14.0";
			developmentRegion = en;
			hasScannedForEncodings = 0;
			knownRegions = (
				en,
				Base,
			);
			mainGroup = CEBEA89A2BC22DED0089679C;
			packageReferences = (
				CEBEA8ED2BC22FC20089679C /* XCRemoteSwiftPackageReference "firebase-ios-sdk" */,
			);
			productRefGroup = CEBEA8A42BC22DED0089679C /* Products */;
			projectDirPath = "";
			projectRoot = "";
			targets = (
				CEBEA8A22BC22DED0089679C /* remedi */,
				CEBEA8B42BC22DEE0089679C /* remediTests */,
				CEBEA8BE2BC22DEE0089679C /* remediUITests */,
			);
		};
/* End PBXProject section */

/* Begin PBXResourcesBuildPhase section */
		CEBEA8A12BC22DED0089679C /* Resources */ = {
			isa = PBXResourcesBuildPhase;
			buildActionMask = 2147483647;
			files = (
				CEBEA8B02BC22DEE0089679C /* Preview Assets.xcassets in Resources */,
				CEBEA8AD2BC22DEE0089679C /* Assets.xcassets in Resources */,
				CEBEA8D32BC22E5A0089679C /* GoogleService-Info.plist in Resources */,
			);
			runOnlyForDeploymentPostprocessing = 0;
		};
		CEBEA8B32BC22DEE0089679C /* Resources */ = {
			isa = PBXResourcesBuildPhase;
			buildActionMask = 2147483647;
			files = (
			);
			runOnlyForDeploymentPostprocessing = 0;
		};
		CEBEA8BD2BC22DEE0089679C /* Resources */ = {
			isa = PBXResourcesBuildPhase;
			buildActionMask = 2147483647;
			files = (
			);
			runOnlyForDeploymentPostprocessing = 0;
		};
/* End PBXResourcesBuildPhase section */

/* Begin PBXSourcesBuildPhase section */
		CEBEA89F2BC22DED0089679C /* Sources */ = {
			isa = PBXSourcesBuildPhase;
			buildActionMask = 2147483647;
			files = (
				CEBEA8E02BC22F1B0089679C /* LoginVM.swift in Sources */,
				CEBEA8EA2BC22F310089679C /* MainView.swift in Sources */,
				CEBEA8A92BC22DED0089679C /* ContentView.swift in Sources */,
				CEBEA8A72BC22DED0089679C /* remediApp.swift in Sources */,
				CEBEA8E22BC22F200089679C /* RegisterVM.swift in Sources */,
				CEBEA8E42BC22F240089679C /* MainVM.swift in Sources */,
				CEBEA8DE2BC22F150089679C /* ContentViewModel.swift in Sources */,
				CEBEA8EC2BC22F350089679C /* ResultView.swift in Sources */,
				CEBEA8DA2BC22F090089679C /* AudioController.swift in Sources */,
				CEBEA8D82BC22ED90089679C /* User.swift in Sources */,
				CEBEA8E62BC22F280089679C /* LoginView.swift in Sources */,
				CEBEA8E82BC22F2C0089679C /* ProfileView.swift in Sources */,
				CEBEA8DC2BC22F0F0089679C /* CameraController.swift in Sources */,
			);
			runOnlyForDeploymentPostprocessing = 0;
		};
		CEBEA8B12BC22DEE0089679C /* Sources */ = {
			isa = PBXSourcesBuildPhase;
			buildActionMask = 2147483647;
			files = (
				CEBEA8BA2BC22DEE0089679C /* remediTests.swift in Sources */,
			);
			runOnlyForDeploymentPostprocessing = 0;
		};
		CEBEA8BB2BC22DEE0089679C /* Sources */ = {
			isa = PBXSourcesBuildPhase;
			buildActionMask = 2147483647;
			files = (
				CEBEA8C62BC22DEE0089679C /* remediUITestsLaunchTests.swift in Sources */,
				CEBEA8C42BC22DEE0089679C /* remediUITests.swift in Sources */,
			);
			runOnlyForDeploymentPostprocessing = 0;
		};
/* End PBXSourcesBuildPhase section */

/* Begin PBXTargetDependency section */
		CEBEA8B72BC22DEE0089679C /* PBXTargetDependency */ = {
			isa = PBXTargetDependency;
			target = CEBEA8A22BC22DED0089679C /* remedi */;
			targetProxy = CEBEA8B62BC22DEE0089679C /* PBXContainerItemProxy */;
		};
		CEBEA8C12BC22DEE0089679C /* PBXTargetDependency */ = {
			isa = PBXTargetDependency;
			target = CEBEA8A22BC22DED0089679C /* remedi */;
			targetProxy = CEBEA8C02BC22DEE0089679C /* PBXContainerItemProxy */;
		};
/* End PBXTargetDependency section */

/* Begin XCBuildConfiguration section */
		CEBEA8C72BC22DEE0089679C /* Debug */ = {
			isa = XCBuildConfiguration;
			buildSettings = {
				ALWAYS_SEARCH_USER_PATHS = NO;
				ASSETCATALOG_COMPILER_GENERATE_SWIFT_ASSET_SYMBOL_EXTENSIONS = YES;
				CLANG_ANALYZER_NONNULL = YES;
				CLANG_ANALYZER_NUMBER_OBJECT_CONVERSION = YES_AGGRESSIVE;
				CLANG_CXX_LANGUAGE_STANDARD = "gnu++20";
				CLANG_ENABLE_MODULES = YES;
				CLANG_ENABLE_OBJC_ARC = YES;
				CLANG_ENABLE_OBJC_WEAK = YES;
				CLANG_WARN_BLOCK_CAPTURE_AUTORELEASING = YES;
				CLANG_WARN_BOOL_CONVERSION = YES;
				CLANG_WARN_COMMA = YES;
				CLANG_WARN_CONSTANT_CONVERSION = YES;
				CLANG_WARN_DEPRECATED_OBJC_IMPLEMENTATIONS = YES;
				CLANG_WARN_DIRECT_OBJC_ISA_USAGE = YES_ERROR;
				CLANG_WARN_DOCUMENTATION_COMMENTS = YES;
				CLANG_WARN_EMPTY_BODY = YES;
				CLANG_WARN_ENUM_CONVERSION = YES;
				CLANG_WARN_INFINITE_RECURSION = YES;
				CLANG_WARN_INT_CONVERSION = YES;
				CLANG_WARN_NON_LITERAL_NULL_CONVERSION = YES;
				CLANG_WARN_OBJC_IMPLICIT_RETAIN_SELF = YES;
				CLANG_WARN_OBJC_LITERAL_CONVERSION = YES;
				CLANG_WARN_OBJC_ROOT_CLASS = YES_ERROR;
				CLANG_WARN_QUOTED_INCLUDE_IN_FRAMEWORK_HEADER = YES;
				CLANG_WARN_RANGE_LOOP_ANALYSIS = YES;
				CLANG_WARN_STRICT_PROTOTYPES = YES;
				CLANG_WARN_SUSPICIOUS_MOVE = YES;
				CLANG_WARN_UNGUARDED_AVAILABILITY = YES_AGGRESSIVE;
				CLANG_WARN_UNREACHABLE_CODE = YES;
				CLANG_WARN__DUPLICATE_METHOD_MATCH = YES;
				COPY_PHASE_STRIP = NO;
				DEBUG_INFORMATION_FORMAT = dwarf;
				ENABLE_STRICT_OBJC_MSGSEND = YES;
				ENABLE_TESTABILITY = YES;
				ENABLE_USER_SCRIPT_SANDBOXING = YES;
				GCC_C_LANGUAGE_STANDARD = gnu17;
				GCC_DYNAMIC_NO_PIC = NO;
				GCC_NO_COMMON_BLOCKS = YES;
				GCC_OPTIMIZATION_LEVEL = 0;
				GCC_PREPROCESSOR_DEFINITIONS = (
					"DEBUG=1",
					"$(inherited)",
				);
				GCC_WARN_64_TO_32_BIT_CONVERSION = YES;
				GCC_WARN_ABOUT_RETURN_TYPE = YES_ERROR;
				GCC_WARN_UNDECLARED_SELECTOR = YES;
				GCC_WARN_UNINITIALIZED_AUTOS = YES_AGGRESSIVE;
				GCC_WARN_UNUSED_FUNCTION = YES;
				GCC_WARN_UNUSED_VARIABLE = YES;
				IPHONEOS_DEPLOYMENT_TARGET = 17.4;
				LOCALIZATION_PREFERS_STRING_CATALOGS = YES;
				MTL_ENABLE_DEBUG_INFO = INCLUDE_SOURCE;
				MTL_FAST_MATH = YES;
				ONLY_ACTIVE_ARCH = YES;
				SDKROOT = iphoneos;
				SWIFT_ACTIVE_COMPILATION_CONDITIONS = "DEBUG $(inherited)";
				SWIFT_OPTIMIZATION_LEVEL = "-Onone";
			};
			name = Debug;
		};
		CEBEA8C82BC22DEE0089679C /* Release */ = {
			isa = XCBuildConfiguration;
			buildSettings = {
				ALWAYS_SEARCH_USER_PATHS = NO;
				ASSETCATALOG_COMPILER_GENERATE_SWIFT_ASSET_SYMBOL_EXTENSIONS = YES;
				CLANG_ANALYZER_NONNULL = YES;
				CLANG_ANALYZER_NUMBER_OBJECT_CONVERSION = YES_AGGRESSIVE;
				CLANG_CXX_LANGUAGE_STANDARD = "gnu++20";
				CLANG_ENABLE_MODULES = YES;
				CLANG_ENABLE_OBJC_ARC = YES;
				CLANG_ENABLE_OBJC_WEAK = YES;
				CLANG_WARN_BLOCK_CAPTURE_AUTORELEASING = YES;
				CLANG_WARN_BOOL_CONVERSION = YES;
				CLANG_WARN_COMMA = YES;
				CLANG_WARN_CONSTANT_CONVERSION = YES;
				CLANG_WARN_DEPRECATED_OBJC_IMPLEMENTATIONS = YES;
				CLANG_WARN_DIRECT_OBJC_ISA_USAGE = YES_ERROR;
				CLANG_WARN_DOCUMENTATION_COMMENTS = YES;
				CLANG_WARN_EMPTY_BODY = YES;
				CLANG_WARN_ENUM_CONVERSION = YES;
				CLANG_WARN_INFINITE_RECURSION = YES;
				CLANG_WARN_INT_CONVERSION = YES;
				CLANG_WARN_NON_LITERAL_NULL_CONVERSION = YES;
				CLANG_WARN_OBJC_IMPLICIT_RETAIN_SELF = YES;
				CLANG_WARN_OBJC_LITERAL_CONVERSION = YES;
				CLANG_WARN_OBJC_ROOT_CLASS = YES_ERROR;
				CLANG_WARN_QUOTED_INCLUDE_IN_FRAMEWORK_HEADER = YES;
				CLANG_WARN_RANGE_LOOP_ANALYSIS = YES;
				CLANG_WARN_STRICT_PROTOTYPES = YES;
				CLANG_WARN_SUSPICIOUS_MOVE = YES;
				CLANG_WARN_UNGUARDED_AVAILABILITY = YES_AGGRESSIVE;
				CLANG_WARN_UNREACHABLE_CODE = YES;
				CLANG_WARN__DUPLICATE_METHOD_MATCH = YES;
				COPY_PHASE_STRIP = NO;
				DEBUG_INFORMATION_FORMAT = "dwarf-with-dsym";
				ENABLE_NS_ASSERTIONS = NO;
				ENABLE_STRICT_OBJC_MSGSEND = YES;
				ENABLE_USER_SCRIPT_SANDBOXING = YES;
				GCC_C_LANGUAGE_STANDARD = gnu17;
				GCC_NO_COMMON_BLOCKS = YES;
				GCC_WARN_64_TO_32_BIT_CONVERSION = YES;
				GCC_WARN_ABOUT_RETURN_TYPE = YES_ERROR;
				GCC_WARN_UNDECLARED_SELECTOR = YES;
				GCC_WARN_UNINITIALIZED_AUTOS = YES_AGGRESSIVE;
				GCC_WARN_UNUSED_FUNCTION = YES;
				GCC_WARN_UNUSED_VARIABLE = YES;
				IPHONEOS_DEPLOYMENT_TARGET = 17.4;
				LOCALIZATION_PREFERS_STRING_CATALOGS = YES;
				MTL_ENABLE_DEBUG_INFO = NO;
				MTL_FAST_MATH = YES;
				SDKROOT = iphoneos;
				SWIFT_COMPILATION_MODE = wholemodule;
				VALIDATE_PRODUCT = YES;
			};
			name = Release;
		};
		CEBEA8CA2BC22DEE0089679C /* Debug */ = {
			isa = XCBuildConfiguration;
			buildSettings = {
				ASSETCATALOG_COMPILER_APPICON_NAME = AppIcon;
				ASSETCATALOG_COMPILER_GLOBAL_ACCENT_COLOR_NAME = AccentColor;
				CODE_SIGN_STYLE = Automatic;
				CURRENT_PROJECT_VERSION = 1;
				DEVELOPMENT_ASSET_PATHS = "\"remedi/Preview Content\"";
				DEVELOPMENT_TEAM = F7TU337732;
				ENABLE_PREVIEWS = YES;
				GENERATE_INFOPLIST_FILE = YES;
				INFOPLIST_KEY_NSCameraUsageDescription = "Access to the camera is needed to take a picture";
				INFOPLIST_KEY_NSMicrophoneUsageDescription = "Access to the microphone is needed to record audio";
				INFOPLIST_KEY_NSPhotoLibraryUsageDescription = "Access to the camera in case you want to upload a picture";
				INFOPLIST_KEY_UIApplicationSceneManifest_Generation = YES;
				INFOPLIST_KEY_UIApplicationSupportsIndirectInputEvents = YES;
				INFOPLIST_KEY_UILaunchScreen_Generation = YES;
				INFOPLIST_KEY_UISupportedInterfaceOrientations_iPad = "UIInterfaceOrientationPortrait UIInterfaceOrientationPortraitUpsideDown UIInterfaceOrientationLandscapeLeft UIInterfaceOrientationLandscapeRight";
				INFOPLIST_KEY_UISupportedInterfaceOrientations_iPhone = "UIInterfaceOrientationPortrait UIInterfaceOrientationLandscapeLeft UIInterfaceOrientationLandscapeRight";
				IPHONEOS_DEPLOYMENT_TARGET = 17.0;
				LD_RUNPATH_SEARCH_PATHS = (
					"$(inherited)",
					"@executable_path/Frameworks",
				);
				MARKETING_VERSION = 1.0;
				PRODUCT_BUNDLE_IDENTIFIER = Rushil.remedi;
				PRODUCT_NAME = "$(TARGET_NAME)";
				SWIFT_EMIT_LOC_STRINGS = YES;
				SWIFT_VERSION = 5.0;
				TARGETED_DEVICE_FAMILY = "1,2";
			};
			name = Debug;
		};
		CEBEA8CB2BC22DEE0089679C /* Release */ = {
			isa = XCBuildConfiguration;
			buildSettings = {
				ASSETCATALOG_COMPILER_APPICON_NAME = AppIcon;
				ASSETCATALOG_COMPILER_GLOBAL_ACCENT_COLOR_NAME = AccentColor;
				CODE_SIGN_STYLE = Automatic;
				CURRENT_PROJECT_VERSION = 1;
				DEVELOPMENT_ASSET_PATHS = "\"remedi/Preview Content\"";
				DEVELOPMENT_TEAM = F7TU337732;
				ENABLE_PREVIEWS = YES;
				GENERATE_INFOPLIST_FILE = YES;
				INFOPLIST_KEY_NSCameraUsageDescription = "Access to the camera is needed to take a picture";
				INFOPLIST_KEY_NSMicrophoneUsageDescription = "Access to the microphone is needed to record audio";
				INFOPLIST_KEY_NSPhotoLibraryUsageDescription = "Access to the camera in case you want to upload a picture";
				INFOPLIST_KEY_UIApplicationSceneManifest_Generation = YES;
				INFOPLIST_KEY_UIApplicationSupportsIndirectInputEvents = YES;
				INFOPLIST_KEY_UILaunchScreen_Generation = YES;
				INFOPLIST_KEY_UISupportedInterfaceOrientations_iPad = "UIInterfaceOrientationPortrait UIInterfaceOrientationPortraitUpsideDown UIInterfaceOrientationLandscapeLeft UIInterfaceOrientationLandscapeRight";
				INFOPLIST_KEY_UISupportedInterfaceOrientations_iPhone = "UIInterfaceOrientationPortrait UIInterfaceOrientationLandscapeLeft UIInterfaceOrientationLandscapeRight";
				IPHONEOS_DEPLOYMENT_TARGET = 17.0;
				LD_RUNPATH_SEARCH_PATHS = (
					"$(inherited)",
					"@executable_path/Frameworks",
				);
				MARKETING_VERSION = 1.0;
				PRODUCT_BUNDLE_IDENTIFIER = Rushil.remedi;
				PRODUCT_NAME = "$(TARGET_NAME)";
				SWIFT_EMIT_LOC_STRINGS = YES;
				SWIFT_VERSION = 5.0;
				TARGETED_DEVICE_FAMILY = "1,2";
			};
			name = Release;
		};
		CEBEA8CD2BC22DEE0089679C /* Debug */ = {
			isa = XCBuildConfiguration;
			buildSettings = {
				ALWAYS_EMBED_SWIFT_STANDARD_LIBRARIES = YES;
				BUNDLE_LOADER = "$(TEST_HOST)";
				CODE_SIGN_STYLE = Automatic;
				CURRENT_PROJECT_VERSION = 1;
				DEVELOPMENT_TEAM = F7TU337732;
				GENERATE_INFOPLIST_FILE = YES;
				IPHONEOS_DEPLOYMENT_TARGET = 17.4;
				MARKETING_VERSION = 1.0;
				PRODUCT_BUNDLE_IDENTIFIER = Rushil.remediTests;
				PRODUCT_NAME = "$(TARGET_NAME)";
				SWIFT_EMIT_LOC_STRINGS = NO;
				SWIFT_VERSION = 5.0;
				TARGETED_DEVICE_FAMILY = "1,2";
				TEST_HOST = "$(BUILT_PRODUCTS_DIR)/remedi.app/$(BUNDLE_EXECUTABLE_FOLDER_PATH)/remedi";
			};
			name = Debug;
		};
		CEBEA8CE2BC22DEE0089679C /* Release */ = {
			isa = XCBuildConfiguration;
			buildSettings = {
				ALWAYS_EMBED_SWIFT_STANDARD_LIBRARIES = YES;
				BUNDLE_LOADER = "$(TEST_HOST)";
				CODE_SIGN_STYLE = Automatic;
				CURRENT_PROJECT_VERSION = 1;
				DEVELOPMENT_TEAM = F7TU337732;
				GENERATE_INFOPLIST_FILE = YES;
				IPHONEOS_DEPLOYMENT_TARGET = 17.4;
				MARKETING_VERSION = 1.0;
				PRODUCT_BUNDLE_IDENTIFIER = Rushil.remediTests;
				PRODUCT_NAME = "$(TARGET_NAME)";
				SWIFT_EMIT_LOC_STRINGS = NO;
				SWIFT_VERSION = 5.0;
				TARGETED_DEVICE_FAMILY = "1,2";
				TEST_HOST = "$(BUILT_PRODUCTS_DIR)/remedi.app/$(BUNDLE_EXECUTABLE_FOLDER_PATH)/remedi";
			};
			name = Release;
		};
		CEBEA8D02BC22DEE0089679C /* Debug */ = {
			isa = XCBuildConfiguration;
			buildSettings = {
				ALWAYS_EMBED_SWIFT_STANDARD_LIBRARIES = YES;
				CODE_SIGN_STYLE = Automatic;
				CURRENT_PROJECT_VERSION = 1;
				DEVELOPMENT_TEAM = F7TU337732;
				GENERATE_INFOPLIST_FILE = YES;
				MARKETING_VERSION = 1.0;
				PRODUCT_BUNDLE_IDENTIFIER = Rushil.remediUITests;
				PRODUCT_NAME = "$(TARGET_NAME)";
				SWIFT_EMIT_LOC_STRINGS = NO;
				SWIFT_VERSION = 5.0;
				TARGETED_DEVICE_FAMILY = "1,2";
				TEST_TARGET_NAME = remedi;
			};
			name = Debug;
		};
		CEBEA8D12BC22DEE0089679C /* Release */ = {
			isa = XCBuildConfiguration;
			buildSettings = {
				ALWAYS_EMBED_SWIFT_STANDARD_LIBRARIES = YES;
				CODE_SIGN_STYLE = Automatic;
				CURRENT_PROJECT_VERSION = 1;
				DEVELOPMENT_TEAM = F7TU337732;
				GENERATE_INFOPLIST_FILE = YES;
				MARKETING_VERSION = 1.0;
				PRODUCT_BUNDLE_IDENTIFIER = Rushil.remediUITests;
				PRODUCT_NAME = "$(TARGET_NAME)";
				SWIFT_EMIT_LOC_STRINGS = NO;
				SWIFT_VERSION = 5.0;
				TARGETED_DEVICE_FAMILY = "1,2";
				TEST_TARGET_NAME = remedi;
			};
			name = Release;
		};
/* End XCBuildConfiguration section */

/* Begin XCConfigurationList section */
		CEBEA89E2BC22DED0089679C /* Build configuration list for PBXProject "remedi" */ = {
			isa = XCConfigurationList;
			buildConfigurations = (
				CEBEA8C72BC22DEE0089679C /* Debug */,
				CEBEA8C82BC22DEE0089679C /* Release */,
			);
			defaultConfigurationIsVisible = 0;
			defaultConfigurationName = Release;
		};
		CEBEA8C92BC22DEE0089679C /* Build configuration list for PBXNativeTarget "remedi" */ = {
			isa = XCConfigurationList;
			buildConfigurations = (
				CEBEA8CA2BC22DEE0089679C /* Debug */,
				CEBEA8CB2BC22DEE0089679C /* Release */,
			);
			defaultConfigurationIsVisible = 0;
			defaultConfigurationName = Release;
		};
		CEBEA8CC2BC22DEE0089679C /* Build configuration list for PBXNativeTarget "remediTests" */ = {
			isa = XCConfigurationList;
			buildConfigurations = (
				CEBEA8CD2BC22DEE0089679C /* Debug */,
				CEBEA8CE2BC22DEE0089679C /* Release */,
			);
			defaultConfigurationIsVisible = 0;
			defaultConfigurationName = Release;
		};
		CEBEA8CF2BC22DEE0089679C /* Build configuration list for PBXNativeTarget "remediUITests" */ = {
			isa = XCConfigurationList;
			buildConfigurations = (
				CEBEA8D02BC22DEE0089679C /* Debug */,
				CEBEA8D12BC22DEE0089679C /* Release */,
			);
			defaultConfigurationIsVisible = 0;
			defaultConfigurationName = Release;
		};
/* End XCConfigurationList section */

/* Begin XCRemoteSwiftPackageReference section */
		CEBEA8ED2BC22FC20089679C /* XCRemoteSwiftPackageReference "firebase-ios-sdk" */ = {
			isa = XCRemoteSwiftPackageReference;
			repositoryURL = "https://github.com/firebase/firebase-ios-sdk";
			requirement = {
				kind = upToNextMajorVersion;
				minimumVersion = 10.23.1;
			};
		};
/* End XCRemoteSwiftPackageReference section */

/* Begin XCSwiftPackageProductDependency section */
		CEBEA8EF2BC22FD30089679C /* FirebaseAuth */ = {
			isa = XCSwiftPackageProductDependency;
			package = CEBEA8ED2BC22FC20089679C /* XCRemoteSwiftPackageReference "firebase-ios-sdk" */;
			productName = FirebaseAuth;
		};
		CEBEA8F12BC22FD80089679C /* FirebaseFirestore */ = {
			isa = XCSwiftPackageProductDependency;
			package = CEBEA8ED2BC22FC20089679C /* XCRemoteSwiftPackageReference "firebase-ios-sdk" */;
			productName = FirebaseFirestore;
		};
		CEBEA8F32BC22FE00089679C /* FirebaseFirestoreSwift */ = {
			isa = XCSwiftPackageProductDependency;
			package = CEBEA8ED2BC22FC20089679C /* XCRemoteSwiftPackageReference "firebase-ios-sdk" */;
			productName = FirebaseFirestoreSwift;
		};
/* End XCSwiftPackageProductDependency section */
	};
	rootObject = CEBEA89B2BC22DED0089679C /* Project object */;
}
